{
  "name": "@daoxin/package-example",
  "version": "0.0.0",
  "lockfileVersion": 2,
  "requires": true,
  "packages": {
    "": {
      "name": "@daoxin/package-example",
      "version": "0.0.0",
      "license": "MIT",
      "workspaces": [
        "packages/*",
        "docs"
      ]
    },
    "node_modules/@daoxin/config": {
      "resolved": "packages/config",
      "link": true
    },
    "node_modules/@daoxin/webpack": {
      "resolved": "packages/webpack",
      "link": true
    },
    "packages/config": {
      "name": "@daoxin/config",
      "version": "1.0.0",
      "license": "MIT"
    },
    "packages/prettier-config": {
      "name": "@daoxin/prettier-config",
      "version": "0.0.1",
      "extraneous": true,
      "license": "MIT"
    },
    "packages/webpack": {
      "name": "@daoxin/webpack",
      "version": "1.0.0"
    }
  },
  "dependencies": {
    "@daoxin/config": {
      "version": "file:packages/config"
    },
    "@daoxin/webpack": {
      "version": "file:packages/webpack"
    }
  }
}
